dependencies:
  idf:
    source:
      type: idf
    version: 6.0.1
  nopnop2002/mirf:
    component_hash: c2125d8b02cda80cb893045bac67ad29670c05839ba712f1216a261d5d8a2b02
    dependencies: []
    source:
      git: https://github.com/nopnop2002/esp-idf-mirf.git
      path: components/mirf/
      type: git
    version: 5c10ba0bc0c7bfe918217092d8001989eb3d197c
direct_dependencies:
- idf
- nopnop2002/mirf
manifest_hash: 208dbe595a2f51327c2a1a11d43314a2cba12c1a6b8797d0cf89e1342123fac7
target: esp32
version: 3.0.0
